
Microsoft Visual Studio Solution File, Format Version 12.00
# Visual Studio Version 16
VisualStudioVersion = 25.0.1706.8
MinimumVisualStudioVersion = 10.0.40219.1
Project("{FAE04EC0-301F-11D3-BF4B-00C04F79EFBC}") = "AttendoAPI", "AttendoAPI\AttendoAPI.csproj", "{D1E23872-BAFE-414B-BBFD-CB81D4EDBEE6}"
EndProject
Project("{FAE04EC0-301F-11D3-BF4B-00C04F79EFBC}") = "AttendoAPI.Configuracion", "AttendoAPI.Configuracion\AttendoAPI.Configuracion.csproj", "{99876D6C-AF0B-47D6-8619-C09C3E078B84}"
EndProject
Project("{FAE04EC0-301F-11D3-BF4B-00C04F79EFBC}") = "AttendoAPI.Infraestructura", "AttendoAPI.Infraestructura\AttendoAPI.Infraestructura.csproj", "{12CBF469-5063-44C8-935F-911AF3463939}"
EndProject
Project("{FAE04EC0-301F-11D3-BF4B-00C04F79EFBC}") = "AttendoAPI.Dominio", "AttendoAPI.Dominio\AttendoAPI.Dominio.csproj", "{EB77D98E-4479-48A9-8E96-455594609CA4}"
EndProject
Project("{FAE04EC0-301F-11D3-BF4B-00C04F79EFBC}") = "AttendoAPI.Comunes", "AttendoAPI.Comunes\AttendoAPI.Comunes.csproj", "{202E65D9-2F35-4919-93EC-D80469A17630}"
EndProject
Global
	GlobalSection(SolutionConfigurationPlatforms) = preSolution
		Debug|Any CPU = Debug|Any CPU
		Release|Any CPU = Release|Any CPU
	EndGlobalSection
	GlobalSection(ProjectConfigurationPlatforms) = postSolution
		{D1E23872-BAFE-414B-BBFD-CB81D4EDBEE6}.Debug|Any CPU.ActiveCfg = Debug|Any CPU
		{D1E23872-BAFE-414B-BBFD-CB81D4EDBEE6}.Debug|Any CPU.Build.0 = Debug|Any CPU
		{D1E23872-BAFE-414B-BBFD-CB81D4EDBEE6}.Release|Any CPU.ActiveCfg = Release|Any CPU
		{D1E23872-BAFE-414B-BBFD-CB81D4EDBEE6}.Release|Any CPU.Build.0 = Release|Any CPU
		{99876D6C-AF0B-47D6-8619-C09C3E078B84}.Debug|Any CPU.ActiveCfg = Debug|Any CPU
		{99876D6C-AF0B-47D6-8619-C09C3E078B84}.Debug|Any CPU.Build.0 = Debug|Any CPU
		{99876D6C-AF0B-47D6-8619-C09C3E078B84}.Release|Any CPU.ActiveCfg = Release|Any CPU
		{99876D6C-AF0B-47D6-8619-C09C3E078B84}.Release|Any CPU.Build.0 = Release|Any CPU
		{12CBF469-5063-44C8-935F-911AF3463939}.Debug|Any CPU.ActiveCfg = Debug|Any CPU
		{12CBF469-5063-44C8-935F-911AF3463939}.Debug|Any CPU.Build.0 = Debug|Any CPU
		{12CBF469-5063-44C8-935F-911AF3463939}.Release|Any CPU.ActiveCfg = Release|Any CPU
		{12CBF469-5063-44C8-935F-911AF3463939}.Release|Any CPU.Build.0 = Release|Any CPU
		{EB77D98E-4479-48A9-8E96-455594609CA4}.Debug|Any CPU.ActiveCfg = Debug|Any CPU
		{EB77D98E-4479-48A9-8E96-455594609CA4}.Debug|Any CPU.Build.0 = Debug|Any CPU
		{EB77D98E-4479-48A9-8E96-455594609CA4}.Release|Any CPU.ActiveCfg = Release|Any CPU
		{EB77D98E-4479-48A9-8E96-455594609CA4}.Release|Any CPU.Build.0 = Release|Any CPU
		{202E65D9-2F35-4919-93EC-D80469A17630}.Debug|Any CPU.ActiveCfg = Debug|Any CPU
		{202E65D9-2F35-4919-93EC-D80469A17630}.Debug|Any CPU.Build.0 = Debug|Any CPU
		{202E65D9-2F35-4919-93EC-D80469A17630}.Release|Any CPU.ActiveCfg = Release|Any CPU
		{202E65D9-2F35-4919-93EC-D80469A17630}.Release|Any CPU.Build.0 = Release|Any CPU
	EndGlobalSection
	GlobalSection(SolutionProperties) = preSolution
		HideSolutionNode = FALSE
	EndGlobalSection
	GlobalSection(ExtensibilityGlobals) = postSolution
		SolutionGuid = {3C535B73-60E0-4606-835B-7EEBDCD00CDF}
	EndGlobalSection
EndGlobal
